// !$*UTF8*$!
{
	archiveVersion = 1;
	classes = {
	};
	objectVersion = 56;
	objects = {

/* Begin PBXBuildFile section */
		0A905DF52AC28D9A001364D1 /* StudyViewController.swift in Sources */ = {isa = PBXBuildFile; fileRef = 0A905DF42AC28D9A001364D1 /* StudyViewController.swift */; };
		26975CCA2AC16ACA0052D5D3 /* AppDelegate.swift in Sources */ = {isa = PBXBuildFile; fileRef = 26975CC92AC16ACA0052D5D3 /* AppDelegate.swift */; };
		26975CCC2AC16ACA0052D5D3 /* SceneDelegate.swift in Sources */ = {isa = PBXBuildFile; fileRef = 26975CCB2AC16ACA0052D5D3 /* SceneDelegate.swift */; };
		26975CD32AC16ACB0052D5D3 /* Assets.xcassets in Resources */ = {isa = PBXBuildFile; fileRef = 26975CD22AC16ACB0052D5D3 /* Assets.xcassets */; };
		26975CD62AC16ACB0052D5D3 /* LaunchScreen.storyboard in Resources */ = {isa = PBXBuildFile; fileRef = 26975CD42AC16ACB0052D5D3 /* LaunchScreen.storyboard */; };
		26975CE12AC16B300052D5D3 /* MyPageViewController.swift in Sources */ = {isa = PBXBuildFile; fileRef = 26975CDD2AC16B300052D5D3 /* MyPageViewController.swift */; };
		26975CE22AC16B300052D5D3 /* SignInViewController.swift in Sources */ = {isa = PBXBuildFile; fileRef = 26975CDE2AC16B300052D5D3 /* SignInViewController.swift */; };
		26975CE32AC16B300052D5D3 /* MyBookViewController.swift in Sources */ = {isa = PBXBuildFile; fileRef = 26975CDF2AC16B300052D5D3 /* MyBookViewController.swift */; };
		26975CE42AC16B300052D5D3 /* BookViewController.swift in Sources */ = {isa = PBXBuildFile; fileRef = 26975CE02AC16B300052D5D3 /* BookViewController.swift */; };
		26975CE72AC16B670052D5D3 /* SnapKit in Frameworks */ = {isa = PBXBuildFile; productRef = 26975CE62AC16B670052D5D3 /* SnapKit */; };
		26975CFA2AC192BB0052D5D3 /* GbbulCoreData.xcdatamodeld in Sources */ = {isa = PBXBuildFile; fileRef = 26975CF82AC192BB0052D5D3 /* GbbulCoreData.xcdatamodeld */; };
		26EB19742AC196BB00A1B78B /* GbbulManager.swift in Sources */ = {isa = PBXBuildFile; fileRef = 26EB19732AC196BB00A1B78B /* GbbulManager.swift */; };
		26EB19762AC198F600A1B78B /* UIItem.swift in Sources */ = {isa = PBXBuildFile; fileRef = 26EB19752AC198F600A1B78B /* UIItem.swift */; };
		27E9DB132AC283B6008DD8D8 /* myVocaView.swift in Sources */ = {isa = PBXBuildFile; fileRef = 27E9DB122AC283B6008DD8D8 /* myVocaView.swift */; };
		27E9DB152AC28412008DD8D8 /* myVocaView2.swift in Sources */ = {isa = PBXBuildFile; fileRef = 27E9DB142AC28412008DD8D8 /* myVocaView2.swift */; };
		67D0057B2AC2800C001A1CD3 /* MyBookViewController2.swift in Sources */ = {isa = PBXBuildFile; fileRef = 67D0057A2AC2800C001A1CD3 /* MyBookViewController2.swift */; };

/* End PBXBuildFile section */

/* Begin PBXFileReference section */
		0A905DF42AC28D9A001364D1 /* StudyViewController.swift */ = {isa = PBXFileReference; lastKnownFileType = sourcecode.swift; path = StudyViewController.swift; sourceTree = "<group>"; };
		26975CC62AC16ACA0052D5D3 /* Gbbul.app */ = {isa = PBXFileReference; explicitFileType = wrapper.application; includeInIndex = 0; path = Gbbul.app; sourceTree = BUILT_PRODUCTS_DIR; };
		26975CC92AC16ACA0052D5D3 /* AppDelegate.swift */ = {isa = PBXFileReference; lastKnownFileType = sourcecode.swift; path = AppDelegate.swift; sourceTree = "<group>"; };
		26975CCB2AC16ACA0052D5D3 /* SceneDelegate.swift */ = {isa = PBXFileReference; lastKnownFileType = sourcecode.swift; path = SceneDelegate.swift; sourceTree = "<group>"; };
		26975CD22AC16ACB0052D5D3 /* Assets.xcassets */ = {isa = PBXFileReference; lastKnownFileType = folder.assetcatalog; path = Assets.xcassets; sourceTree = "<group>"; };
		26975CD52AC16ACB0052D5D3 /* Base */ = {isa = PBXFileReference; lastKnownFileType = file.storyboard; name = Base; path = Base.lproj/LaunchScreen.storyboard; sourceTree = "<group>"; };
		26975CD72AC16ACB0052D5D3 /* Info.plist */ = {isa = PBXFileReference; lastKnownFileType = text.plist.xml; path = Info.plist; sourceTree = "<group>"; };
		26975CDD2AC16B300052D5D3 /* MyPageViewController.swift */ = {isa = PBXFileReference; fileEncoding = 4; lastKnownFileType = sourcecode.swift; path = MyPageViewController.swift; sourceTree = "<group>"; };
		26975CDE2AC16B300052D5D3 /* SignInViewController.swift */ = {isa = PBXFileReference; fileEncoding = 4; lastKnownFileType = sourcecode.swift; path = SignInViewController.swift; sourceTree = "<group>"; };
		26975CDF2AC16B300052D5D3 /* MyBookViewController.swift */ = {isa = PBXFileReference; fileEncoding = 4; lastKnownFileType = sourcecode.swift; path = MyBookViewController.swift; sourceTree = "<group>"; };
		26975CE02AC16B300052D5D3 /* BookViewController.swift */ = {isa = PBXFileReference; fileEncoding = 4; lastKnownFileType = sourcecode.swift; path = BookViewController.swift; sourceTree = "<group>"; };
		26975CF92AC192BB0052D5D3 /* GbbulCoreData.xcdatamodel */ = {isa = PBXFileReference; lastKnownFileType = wrapper.xcdatamodel; path = GbbulCoreData.xcdatamodel; sourceTree = "<group>"; };
		26EB19732AC196BB00A1B78B /* GbbulManager.swift */ = {isa = PBXFileReference; lastKnownFileType = sourcecode.swift; path = GbbulManager.swift; sourceTree = "<group>"; };
		26EB19752AC198F600A1B78B /* UIItem.swift */ = {isa = PBXFileReference; lastKnownFileType = sourcecode.swift; path = UIItem.swift; sourceTree = "<group>"; };
		27E9DB122AC283B6008DD8D8 /* myVocaView.swift */ = {isa = PBXFileReference; lastKnownFileType = sourcecode.swift; path = myVocaView.swift; sourceTree = "<group>"; };
		27E9DB142AC28412008DD8D8 /* myVocaView2.swift */ = {isa = PBXFileReference; lastKnownFileType = sourcecode.swift; path = myVocaView2.swift; sourceTree = "<group>"; };
		67D0057A2AC2800C001A1CD3 /* MyBookViewController2.swift */ = {isa = PBXFileReference; lastKnownFileType = sourcecode.swift; path = MyBookViewController2.swift; sourceTree = "<group>"; };
/* End PBXFileReference section */

/* Begin PBXFrameworksBuildPhase section */
		26975CC32AC16ACA0052D5D3 /* Frameworks */ = {
			isa = PBXFrameworksBuildPhase;
			buildActionMask = 2147483647;
			files = (
				26975CE72AC16B670052D5D3 /* SnapKit in Frameworks */,
			);
			runOnlyForDeploymentPostprocessing = 0;
		};
/* End PBXFrameworksBuildPhase section */

/* Begin PBXGroup section */
		26975CBD2AC16ACA0052D5D3 = {
			isa = PBXGroup;
			children = (
				26975CC82AC16ACA0052D5D3 /* Gbbul */,
				26975CC72AC16ACA0052D5D3 /* Products */,
			);
			sourceTree = "<group>";
		};
		26975CC72AC16ACA0052D5D3 /* Products */ = {
			isa = PBXGroup;
			children = (
				26975CC62AC16ACA0052D5D3 /* Gbbul.app */,
			);
			name = Products;
			sourceTree = "<group>";
		};
		26975CC82AC16ACA0052D5D3 /* Gbbul */ = {
			isa = PBXGroup;
			children = (
				26975CFB2AC192D60052D5D3 /* Model */,
				26975CC92AC16ACA0052D5D3 /* AppDelegate.swift */,
				26975CCB2AC16ACA0052D5D3 /* SceneDelegate.swift */,
				26975CE02AC16B300052D5D3 /* BookViewController.swift */,
				26975CDF2AC16B300052D5D3 /* MyBookViewController.swift */,
				27E9DB122AC283B6008DD8D8 /* myVocaView.swift */,
				27E9DB142AC28412008DD8D8 /* myVocaView2.swift */,
				67D0057A2AC2800C001A1CD3 /* MyBookViewController2.swift */,
				26975CDD2AC16B300052D5D3 /* MyPageViewController.swift */,
				26975CDE2AC16B300052D5D3 /* SignInViewController.swift */,
				0A905DF42AC28D9A001364D1 /* StudyViewController.swift */,
				26EB19752AC198F600A1B78B /* UIItem.swift */,
				26975CD22AC16ACB0052D5D3 /* Assets.xcassets */,
				26975CD42AC16ACB0052D5D3 /* LaunchScreen.storyboard */,
				26975CD72AC16ACB0052D5D3 /* Info.plist */,
			);
			path = Gbbul;
			sourceTree = "<group>";
		};
		26975CFB2AC192D60052D5D3 /* Model */ = {
			isa = PBXGroup;
			children = (
				26975CF82AC192BB0052D5D3 /* GbbulCoreData.xcdatamodeld */,
				26EB19732AC196BB00A1B78B /* GbbulManager.swift */,
			);
			path = Model;
			sourceTree = "<group>";
		};
/* End PBXGroup section */

/* Begin PBXNativeTarget section */
		26975CC52AC16ACA0052D5D3 /* Gbbul */ = {
			isa = PBXNativeTarget;
			buildConfigurationList = 26975CDA2AC16ACB0052D5D3 /* Build configuration list for PBXNativeTarget "Gbbul" */;
			buildPhases = (
				26975CC22AC16ACA0052D5D3 /* Sources */,
				26975CC32AC16ACA0052D5D3 /* Frameworks */,
				26975CC42AC16ACA0052D5D3 /* Resources */,
			);
			buildRules = (
			);
			dependencies = (
			);
			name = Gbbul;
			packageProductDependencies = (
				26975CE62AC16B670052D5D3 /* SnapKit */,
			);
			productName = Gbbul;
			productReference = 26975CC62AC16ACA0052D5D3 /* Gbbul.app */;
			productType = "com.apple.product-type.application";
		};
/* End PBXNativeTarget section */

/* Begin PBXProject section */
		26975CBE2AC16ACA0052D5D3 /* Project object */ = {
			isa = PBXProject;
			attributes = {
				BuildIndependentTargetsInParallel = 1;
				LastSwiftUpdateCheck = 1430;
				LastUpgradeCheck = 1430;
				TargetAttributes = {
					26975CC52AC16ACA0052D5D3 = {
						CreatedOnToolsVersion = 14.3.1;
					};
				};
			};
			buildConfigurationList = 26975CC12AC16ACA0052D5D3 /* Build configuration list for PBXProject "Gbbul" */;
			compatibilityVersion = "Xcode 14.0";
			developmentRegion = en;
			hasScannedForEncodings = 0;
			knownRegions = (
				en,
				Base,
			);
			mainGroup = 26975CBD2AC16ACA0052D5D3;
			packageReferences = (
				26975CE52AC16B670052D5D3 /* XCRemoteSwiftPackageReference "SnapKit" */,
			);
			productRefGroup = 26975CC72AC16ACA0052D5D3 /* Products */;
			projectDirPath = "";
			projectRoot = "";
			targets = (
				26975CC52AC16ACA0052D5D3 /* Gbbul */,
			);
		};
/* End PBXProject section */

/* Begin PBXResourcesBuildPhase section */
		26975CC42AC16ACA0052D5D3 /* Resources */ = {
			isa = PBXResourcesBuildPhase;
			buildActionMask = 2147483647;
			files = (
				26975CD62AC16ACB0052D5D3 /* LaunchScreen.storyboard in Resources */,
				26975CD32AC16ACB0052D5D3 /* Assets.xcassets in Resources */,
			);
			runOnlyForDeploymentPostprocessing = 0;
		};
/* End PBXResourcesBuildPhase section */

/* Begin PBXSourcesBuildPhase section */
		26975CC22AC16ACA0052D5D3 /* Sources */ = {
			isa = PBXSourcesBuildPhase;
			buildActionMask = 2147483647;
			files = (
				0A905DF52AC28D9A001364D1 /* StudyViewController.swift in Sources */,
				26975CE32AC16B300052D5D3 /* MyBookViewController.swift in Sources */,
				26975CCA2AC16ACA0052D5D3 /* AppDelegate.swift in Sources */,
				26975CE42AC16B300052D5D3 /* BookViewController.swift in Sources */,
				26975CCC2AC16ACA0052D5D3 /* SceneDelegate.swift in Sources */,
				27E9DB152AC28412008DD8D8 /* myVocaView2.swift in Sources */,
				67D0057B2AC2800C001A1CD3 /* MyBookViewController2.swift in Sources */,
				26EB19742AC196BB00A1B78B /* GbbulManager.swift in Sources */,
				26975CFA2AC192BB0052D5D3 /* GbbulCoreData.xcdatamodeld in Sources */,
				26975CE22AC16B300052D5D3 /* SignInViewController.swift in Sources */,
				27E9DB132AC283B6008DD8D8 /* myVocaView.swift in Sources */,
				26975CE12AC16B300052D5D3 /* MyPageViewController.swift in Sources */,
				26EB19762AC198F600A1B78B /* UIItem.swift in Sources */,
			);
			runOnlyForDeploymentPostprocessing = 0;
		};
/* End PBXSourcesBuildPhase section */

/* Begin PBXVariantGroup section */
		26975CD42AC16ACB0052D5D3 /* LaunchScreen.storyboard */ = {
			isa = PBXVariantGroup;
			children = (
				26975CD52AC16ACB0052D5D3 /* Base */,
			);
			name = LaunchScreen.storyboard;
			sourceTree = "<group>";
		};
/* End PBXVariantGroup section */

/* Begin XCBuildConfiguration section */
		26975CD82AC16ACB0052D5D3 /* Debug */ = {
			isa = XCBuildConfiguration;
			buildSettings = {
				ALWAYS_SEARCH_USER_PATHS = NO;
				CLANG_ANALYZER_NONNULL = YES;
				CLANG_ANALYZER_NUMBER_OBJECT_CONVERSION = YES_AGGRESSIVE;
				CLANG_CXX_LANGUAGE_STANDARD = "gnu++20";
				CLANG_ENABLE_MODULES = YES;
				CLANG_ENABLE_OBJC_ARC = YES;
				CLANG_ENABLE_OBJC_WEAK = YES;
				CLANG_WARN_BLOCK_CAPTURE_AUTORELEASING = YES;
				CLANG_WARN_BOOL_CONVERSION = YES;
				CLANG_WARN_COMMA = YES;
				CLANG_WARN_CONSTANT_CONVERSION = YES;
				CLANG_WARN_DEPRECATED_OBJC_IMPLEMENTATIONS = YES;
				CLANG_WARN_DIRECT_OBJC_ISA_USAGE = YES_ERROR;
				CLANG_WARN_DOCUMENTATION_COMMENTS = YES;
				CLANG_WARN_EMPTY_BODY = YES;
				CLANG_WARN_ENUM_CONVERSION = YES;
				CLANG_WARN_INFINITE_RECURSION = YES;
				CLANG_WARN_INT_CONVERSION = YES;
				CLANG_WARN_NON_LITERAL_NULL_CONVERSION = YES;
				CLANG_WARN_OBJC_IMPLICIT_RETAIN_SELF = YES;
				CLANG_WARN_OBJC_LITERAL_CONVERSION = YES;
				CLANG_WARN_OBJC_ROOT_CLASS = YES_ERROR;
				CLANG_WARN_QUOTED_INCLUDE_IN_FRAMEWORK_HEADER = YES;
				CLANG_WARN_RANGE_LOOP_ANALYSIS = YES;
				CLANG_WARN_STRICT_PROTOTYPES = YES;
				CLANG_WARN_SUSPICIOUS_MOVE = YES;
				CLANG_WARN_UNGUARDED_AVAILABILITY = YES_AGGRESSIVE;
				CLANG_WARN_UNREACHABLE_CODE = YES;
				CLANG_WARN__DUPLICATE_METHOD_MATCH = YES;
				COPY_PHASE_STRIP = NO;
				DEBUG_INFORMATION_FORMAT = dwarf;
				ENABLE_STRICT_OBJC_MSGSEND = YES;
				ENABLE_TESTABILITY = YES;
				GCC_C_LANGUAGE_STANDARD = gnu11;
				GCC_DYNAMIC_NO_PIC = NO;
				GCC_NO_COMMON_BLOCKS = YES;
				GCC_OPTIMIZATION_LEVEL = 0;
				GCC_PREPROCESSOR_DEFINITIONS = (
					"DEBUG=1",
					"$(inherited)",
				);
				GCC_WARN_64_TO_32_BIT_CONVERSION = YES;
				GCC_WARN_ABOUT_RETURN_TYPE = YES_ERROR;
				GCC_WARN_UNDECLARED_SELECTOR = YES;
				GCC_WARN_UNINITIALIZED_AUTOS = YES_AGGRESSIVE;
				GCC_WARN_UNUSED_FUNCTION = YES;
				GCC_WARN_UNUSED_VARIABLE = YES;
				IPHONEOS_DEPLOYMENT_TARGET = 16.4;
				MTL_ENABLE_DEBUG_INFO = INCLUDE_SOURCE;
				MTL_FAST_MATH = YES;
				ONLY_ACTIVE_ARCH = YES;
				SDKROOT = iphoneos;
				SWIFT_ACTIVE_COMPILATION_CONDITIONS = DEBUG;
				SWIFT_OPTIMIZATION_LEVEL = "-Onone";
			};
			name = Debug;
		};
		26975CD92AC16ACB0052D5D3 /* Release */ = {
			isa = XCBuildConfiguration;
			buildSettings = {
				ALWAYS_SEARCH_USER_PATHS = NO;
				CLANG_ANALYZER_NONNULL = YES;
				CLANG_ANALYZER_NUMBER_OBJECT_CONVERSION = YES_AGGRESSIVE;
				CLANG_CXX_LANGUAGE_STANDARD = "gnu++20";
				CLANG_ENABLE_MODULES = YES;
				CLANG_ENABLE_OBJC_ARC = YES;
				CLANG_ENABLE_OBJC_WEAK = YES;
				CLANG_WARN_BLOCK_CAPTURE_AUTORELEASING = YES;
				CLANG_WARN_BOOL_CONVERSION = YES;
				CLANG_WARN_COMMA = YES;
				CLANG_WARN_CONSTANT_CONVERSION = YES;
				CLANG_WARN_DEPRECATED_OBJC_IMPLEMENTATIONS = YES;
				CLANG_WARN_DIRECT_OBJC_ISA_USAGE = YES_ERROR;
				CLANG_WARN_DOCUMENTATION_COMMENTS = YES;
				CLANG_WARN_EMPTY_BODY = YES;
				CLANG_WARN_ENUM_CONVERSION = YES;
				CLANG_WARN_INFINITE_RECURSION = YES;
				CLANG_WARN_INT_CONVERSION = YES;
				CLANG_WARN_NON_LITERAL_NULL_CONVERSION = YES;
				CLANG_WARN_OBJC_IMPLICIT_RETAIN_SELF = YES;
				CLANG_WARN_OBJC_LITERAL_CONVERSION = YES;
				CLANG_WARN_OBJC_ROOT_CLASS = YES_ERROR;
				CLANG_WARN_QUOTED_INCLUDE_IN_FRAMEWORK_HEADER = YES;
				CLANG_WARN_RANGE_LOOP_ANALYSIS = YES;
				CLANG_WARN_STRICT_PROTOTYPES = YES;
				CLANG_WARN_SUSPICIOUS_MOVE = YES;
				CLANG_WARN_UNGUARDED_AVAILABILITY = YES_AGGRESSIVE;
				CLANG_WARN_UNREACHABLE_CODE = YES;
				CLANG_WARN__DUPLICATE_METHOD_MATCH = YES;
				COPY_PHASE_STRIP = NO;
				DEBUG_INFORMATION_FORMAT = "dwarf-with-dsym";
				ENABLE_NS_ASSERTIONS = NO;
				ENABLE_STRICT_OBJC_MSGSEND = YES;
				GCC_C_LANGUAGE_STANDARD = gnu11;
				GCC_NO_COMMON_BLOCKS = YES;
				GCC_WARN_64_TO_32_BIT_CONVERSION = YES;
				GCC_WARN_ABOUT_RETURN_TYPE = YES_ERROR;
				GCC_WARN_UNDECLARED_SELECTOR = YES;
				GCC_WARN_UNINITIALIZED_AUTOS = YES_AGGRESSIVE;
				GCC_WARN_UNUSED_FUNCTION = YES;
				GCC_WARN_UNUSED_VARIABLE = YES;
				IPHONEOS_DEPLOYMENT_TARGET = 16.4;
				MTL_ENABLE_DEBUG_INFO = NO;
				MTL_FAST_MATH = YES;
				SDKROOT = iphoneos;
				SWIFT_COMPILATION_MODE = wholemodule;
				SWIFT_OPTIMIZATION_LEVEL = "-O";
				VALIDATE_PRODUCT = YES;
			};
			name = Release;
		};
		26975CDB2AC16ACB0052D5D3 /* Debug */ = {
			isa = XCBuildConfiguration;
			buildSettings = {
				ASSETCATALOG_COMPILER_APPICON_NAME = AppIcon;
				ASSETCATALOG_COMPILER_GLOBAL_ACCENT_COLOR_NAME = AccentColor;
				CODE_SIGN_STYLE = Automatic;
				CURRENT_PROJECT_VERSION = 1;
				GENERATE_INFOPLIST_FILE = YES;
				INFOPLIST_FILE = Gbbul/Info.plist;
				INFOPLIST_KEY_UIApplicationSupportsIndirectInputEvents = YES;
				INFOPLIST_KEY_UILaunchStoryboardName = LaunchScreen;
				INFOPLIST_KEY_UISupportedInterfaceOrientations_iPad = "UIInterfaceOrientationPortrait UIInterfaceOrientationPortraitUpsideDown UIInterfaceOrientationLandscapeLeft UIInterfaceOrientationLandscapeRight";
				INFOPLIST_KEY_UISupportedInterfaceOrientations_iPhone = "UIInterfaceOrientationPortrait UIInterfaceOrientationLandscapeLeft UIInterfaceOrientationLandscapeRight";
				IPHONEOS_DEPLOYMENT_TARGET = 15.0;
				LD_RUNPATH_SEARCH_PATHS = (
					"$(inherited)",
					"@executable_path/Frameworks",
				);
				MARKETING_VERSION = 1.0;
				PRODUCT_BUNDLE_IDENTIFIER = com.yoshikim.Gbbul;
				PRODUCT_NAME = "$(TARGET_NAME)";
				SWIFT_EMIT_LOC_STRINGS = YES;
				SWIFT_VERSION = 5.0;
				TARGETED_DEVICE_FAMILY = "1,2";
			};
			name = Debug;
		};
		26975CDC2AC16ACB0052D5D3 /* Release */ = {
			isa = XCBuildConfiguration;
			buildSettings = {
				ASSETCATALOG_COMPILER_APPICON_NAME = AppIcon;
				ASSETCATALOG_COMPILER_GLOBAL_ACCENT_COLOR_NAME = AccentColor;
				CODE_SIGN_STYLE = Automatic;
				CURRENT_PROJECT_VERSION = 1;
				GENERATE_INFOPLIST_FILE = YES;
				INFOPLIST_FILE = Gbbul/Info.plist;
				INFOPLIST_KEY_UIApplicationSupportsIndirectInputEvents = YES;
				INFOPLIST_KEY_UILaunchStoryboardName = LaunchScreen;
				INFOPLIST_KEY_UISupportedInterfaceOrientations_iPad = "UIInterfaceOrientationPortrait UIInterfaceOrientationPortraitUpsideDown UIInterfaceOrientationLandscapeLeft UIInterfaceOrientationLandscapeRight";
				INFOPLIST_KEY_UISupportedInterfaceOrientations_iPhone = "UIInterfaceOrientationPortrait UIInterfaceOrientationLandscapeLeft UIInterfaceOrientationLandscapeRight";
				IPHONEOS_DEPLOYMENT_TARGET = 15.0;
				LD_RUNPATH_SEARCH_PATHS = (
					"$(inherited)",
					"@executable_path/Frameworks",
				);
				MARKETING_VERSION = 1.0;
				PRODUCT_BUNDLE_IDENTIFIER = com.yoshikim.Gbbul;
				PRODUCT_NAME = "$(TARGET_NAME)";
				SWIFT_EMIT_LOC_STRINGS = YES;
				SWIFT_VERSION = 5.0;
				TARGETED_DEVICE_FAMILY = "1,2";
			};
			name = Release;
		};
/* End XCBuildConfiguration section */

/* Begin XCConfigurationList section */
		26975CC12AC16ACA0052D5D3 /* Build configuration list for PBXProject "Gbbul" */ = {
			isa = XCConfigurationList;
			buildConfigurations = (
				26975CD82AC16ACB0052D5D3 /* Debug */,
				26975CD92AC16ACB0052D5D3 /* Release */,
			);
			defaultConfigurationIsVisible = 0;
			defaultConfigurationName = Release;
		};
		26975CDA2AC16ACB0052D5D3 /* Build configuration list for PBXNativeTarget "Gbbul" */ = {
			isa = XCConfigurationList;
			buildConfigurations = (
				26975CDB2AC16ACB0052D5D3 /* Debug */,
				26975CDC2AC16ACB0052D5D3 /* Release */,
			);
			defaultConfigurationIsVisible = 0;
			defaultConfigurationName = Release;
		};
/* End XCConfigurationList section */

/* Begin XCRemoteSwiftPackageReference section */
		26975CE52AC16B670052D5D3 /* XCRemoteSwiftPackageReference "SnapKit" */ = {
			isa = XCRemoteSwiftPackageReference;
			repositoryURL = "http://github.com/SnapKit/SnapKit.git";
			requirement = {
				kind = upToNextMajorVersion;
				minimumVersion = 5.0.0;
			};
		};
/* End XCRemoteSwiftPackageReference section */

/* Begin XCSwiftPackageProductDependency section */
		26975CE62AC16B670052D5D3 /* SnapKit */ = {
			isa = XCSwiftPackageProductDependency;
			package = 26975CE52AC16B670052D5D3 /* XCRemoteSwiftPackageReference "SnapKit" */;
			productName = SnapKit;
		};
/* End XCSwiftPackageProductDependency section */

/* Begin XCVersionGroup section */
		26975CF82AC192BB0052D5D3 /* GbbulCoreData.xcdatamodeld */ = {
			isa = XCVersionGroup;
			children = (
				26975CF92AC192BB0052D5D3 /* GbbulCoreData.xcdatamodel */,
			);
			currentVersion = 26975CF92AC192BB0052D5D3 /* GbbulCoreData.xcdatamodel */;
			path = GbbulCoreData.xcdatamodeld;
			sourceTree = "<group>";
			versionGroupType = wrapper.xcdatamodel;
		};
/* End XCVersionGroup section */
	};
	rootObject = 26975CBE2AC16ACA0052D5D3 /* Project object */;
}
